
Microsoft Visual Studio Solution File, Format Version 12.00
# Visual Studio Version 16
VisualStudioVersion = 16.0.29728.190
MinimumVisualStudioVersion = 10.0.40219.1
Project("{FAE04EC0-301F-11D3-BF4B-00C04F79EFBC}") = "TeleSoft", "TeleSoft\TeleSoft.csproj", "{17CDDFF1-2BBE-47AC-9201-FD4D7AC3EC1A}"
EndProject
Project("{2150E333-8FDC-42A3-9474-1A3956D46DE8}") = "1 - Layers", "1 - Layers", "{E6493F19-09AB-4883-B9CB-0BD159DFED8D}"
EndProject
Project("{2150E333-8FDC-42A3-9474-1A3956D46DE8}") = "1.1 DistributedServices", "1.1 DistributedServices", "{D0A27D48-9C81-44FE-B31C-9489D3A84292}"
EndProject
Project("{2150E333-8FDC-42A3-9474-1A3956D46DE8}") = "1.2 Application", "1.2 Application", "{A0439615-97EC-4EF4-9F24-1EF2DC07A7C8}"
EndProject
Project("{2150E333-8FDC-42A3-9474-1A3956D46DE8}") = "1.3 Business", "1.3 Business", "{25949CA3-CEB9-4DA0-BCCA-2F8118433539}"
EndProject
Project("{2150E333-8FDC-42A3-9474-1A3956D46DE8}") = "1.4 DataAccess", "1.4 DataAccess", "{F735D6CC-7805-45FA-87D6-F7FE3EBC8659}"
EndProject
Project("{2150E333-8FDC-42A3-9474-1A3956D46DE8}") = "1.5 CrossCutting", "1.5 CrossCutting", "{13A209E2-5895-41CD-858E-D5D28CA418D3}"
EndProject
Project("{FAE04EC0-301F-11D3-BF4B-00C04F79EFBC}") = "Tele.Soft.Application", "Tele.Soft.Application\Tele.Soft.Application.csproj", "{9189895C-E76B-4B72-AA38-BDFADFB50FE4}"
EndProject
Project("{FAE04EC0-301F-11D3-BF4B-00C04F79EFBC}") = "Tele.Soft.Application.Contracts", "Tele.Soft.Application.Contracts\Tele.Soft.Application.Contracts.csproj", "{17C4C23C-1A79-4965-BB55-399210A59EEA}"
EndProject
Project("{FAE04EC0-301F-11D3-BF4B-00C04F79EFBC}") = "Tele.Soft.Business", "Tele.Soft.Business\Tele.Soft.Business.csproj", "{743A48A1-2DED-4C36-9656-766CFFAE4219}"
EndProject
Project("{FAE04EC0-301F-11D3-BF4B-00C04F79EFBC}") = "Tele.Soft.DataAccess", "Tele.Soft.DataAccess\Tele.Soft.DataAccess.csproj", "{03D68887-86F1-4CDA-A8CF-21226C7AD669}"
EndProject
Project("{FAE04EC0-301F-11D3-BF4B-00C04F79EFBC}") = "Tele.Soft.DataAccess.Contracts", "Tele.Soft.DataAccess.Contracts\Tele.Soft.DataAccess.Contracts.csproj", "{EDB3BA42-2858-4A8F-A992-E23F724104A0}"
EndProject
Project("{FAE04EC0-301F-11D3-BF4B-00C04F79EFBC}") = "Tele.Soft.CrossCutting", "Tele.Soft.CrossCutting\Tele.Soft.CrossCutting.csproj", "{C9403A90-D511-40DC-9E84-A224D719DF5F}"
EndProject
Global
	GlobalSection(SolutionConfigurationPlatforms) = preSolution
		Debug|Any CPU = Debug|Any CPU
		Release|Any CPU = Release|Any CPU
	EndGlobalSection
	GlobalSection(ProjectConfigurationPlatforms) = postSolution
		{17CDDFF1-2BBE-47AC-9201-FD4D7AC3EC1A}.Debug|Any CPU.ActiveCfg = Debug|Any CPU
		{17CDDFF1-2BBE-47AC-9201-FD4D7AC3EC1A}.Debug|Any CPU.Build.0 = Debug|Any CPU
		{17CDDFF1-2BBE-47AC-9201-FD4D7AC3EC1A}.Release|Any CPU.ActiveCfg = Release|Any CPU
		{17CDDFF1-2BBE-47AC-9201-FD4D7AC3EC1A}.Release|Any CPU.Build.0 = Release|Any CPU
		{9189895C-E76B-4B72-AA38-BDFADFB50FE4}.Debug|Any CPU.ActiveCfg = Debug|Any CPU
		{9189895C-E76B-4B72-AA38-BDFADFB50FE4}.Debug|Any CPU.Build.0 = Debug|Any CPU
		{9189895C-E76B-4B72-AA38-BDFADFB50FE4}.Release|Any CPU.ActiveCfg = Release|Any CPU
		{9189895C-E76B-4B72-AA38-BDFADFB50FE4}.Release|Any CPU.Build.0 = Release|Any CPU
		{17C4C23C-1A79-4965-BB55-399210A59EEA}.Debug|Any CPU.ActiveCfg = Debug|Any CPU
		{17C4C23C-1A79-4965-BB55-399210A59EEA}.Debug|Any CPU.Build.0 = Debug|Any CPU
		{17C4C23C-1A79-4965-BB55-399210A59EEA}.Release|Any CPU.ActiveCfg = Release|Any CPU
		{17C4C23C-1A79-4965-BB55-399210A59EEA}.Release|Any CPU.Build.0 = Release|Any CPU
		{743A48A1-2DED-4C36-9656-766CFFAE4219}.Debug|Any CPU.ActiveCfg = Debug|Any CPU
		{743A48A1-2DED-4C36-9656-766CFFAE4219}.Debug|Any CPU.Build.0 = Debug|Any CPU
		{743A48A1-2DED-4C36-9656-766CFFAE4219}.Release|Any CPU.ActiveCfg = Release|Any CPU
		{743A48A1-2DED-4C36-9656-766CFFAE4219}.Release|Any CPU.Build.0 = Release|Any CPU
		{03D68887-86F1-4CDA-A8CF-21226C7AD669}.Debug|Any CPU.ActiveCfg = Debug|Any CPU
		{03D68887-86F1-4CDA-A8CF-21226C7AD669}.Debug|Any CPU.Build.0 = Debug|Any CPU
		{03D68887-86F1-4CDA-A8CF-21226C7AD669}.Release|Any CPU.ActiveCfg = Release|Any CPU
		{03D68887-86F1-4CDA-A8CF-21226C7AD669}.Release|Any CPU.Build.0 = Release|Any CPU
		{EDB3BA42-2858-4A8F-A992-E23F724104A0}.Debug|Any CPU.ActiveCfg = Debug|Any CPU
		{EDB3BA42-2858-4A8F-A992-E23F724104A0}.Debug|Any CPU.Build.0 = Debug|Any CPU
		{EDB3BA42-2858-4A8F-A992-E23F724104A0}.Release|Any CPU.ActiveCfg = Release|Any CPU
		{EDB3BA42-2858-4A8F-A992-E23F724104A0}.Release|Any CPU.Build.0 = Release|Any CPU
		{C9403A90-D511-40DC-9E84-A224D719DF5F}.Debug|Any CPU.ActiveCfg = Debug|Any CPU
		{C9403A90-D511-40DC-9E84-A224D719DF5F}.Debug|Any CPU.Build.0 = Debug|Any CPU
		{C9403A90-D511-40DC-9E84-A224D719DF5F}.Release|Any CPU.ActiveCfg = Release|Any CPU
		{C9403A90-D511-40DC-9E84-A224D719DF5F}.Release|Any CPU.Build.0 = Release|Any CPU
	EndGlobalSection
	GlobalSection(SolutionProperties) = preSolution
		HideSolutionNode = FALSE
	EndGlobalSection
	GlobalSection(NestedProjects) = preSolution
		{17CDDFF1-2BBE-47AC-9201-FD4D7AC3EC1A} = {D0A27D48-9C81-44FE-B31C-9489D3A84292}
		{D0A27D48-9C81-44FE-B31C-9489D3A84292} = {E6493F19-09AB-4883-B9CB-0BD159DFED8D}
		{A0439615-97EC-4EF4-9F24-1EF2DC07A7C8} = {E6493F19-09AB-4883-B9CB-0BD159DFED8D}
		{25949CA3-CEB9-4DA0-BCCA-2F8118433539} = {E6493F19-09AB-4883-B9CB-0BD159DFED8D}
		{F735D6CC-7805-45FA-87D6-F7FE3EBC8659} = {E6493F19-09AB-4883-B9CB-0BD159DFED8D}
		{13A209E2-5895-41CD-858E-D5D28CA418D3} = {E6493F19-09AB-4883-B9CB-0BD159DFED8D}
		{9189895C-E76B-4B72-AA38-BDFADFB50FE4} = {A0439615-97EC-4EF4-9F24-1EF2DC07A7C8}
		{17C4C23C-1A79-4965-BB55-399210A59EEA} = {A0439615-97EC-4EF4-9F24-1EF2DC07A7C8}
		{743A48A1-2DED-4C36-9656-766CFFAE4219} = {25949CA3-CEB9-4DA0-BCCA-2F8118433539}
		{03D68887-86F1-4CDA-A8CF-21226C7AD669} = {F735D6CC-7805-45FA-87D6-F7FE3EBC8659}
		{EDB3BA42-2858-4A8F-A992-E23F724104A0} = {F735D6CC-7805-45FA-87D6-F7FE3EBC8659}
		{C9403A90-D511-40DC-9E84-A224D719DF5F} = {13A209E2-5895-41CD-858E-D5D28CA418D3}
	EndGlobalSection
	GlobalSection(ExtensibilityGlobals) = postSolution
		SolutionGuid = {D0C6E0FD-7312-4A38-8703-3F159710506C}
	EndGlobalSection
EndGlobal
