
Microsoft Visual Studio Solution File, Format Version 12.00
# Visual Studio Version 16
VisualStudioVersion = 16.0.29728.190
MinimumVisualStudioVersion = 10.0.40219.1
Project("{FAE04EC0-301F-11D3-BF4B-00C04F79EFBC}") = "TeleSoft", "TeleSoft\TeleSoft.csproj", "{17CDDFF1-2BBE-47AC-9201-FD4D7AC3EC1A}"
EndProject
Global
	GlobalSection(SolutionConfigurationPlatforms) = preSolution
		Debug|Any CPU = Debug|Any CPU
		Release|Any CPU = Release|Any CPU
	EndGlobalSection
	GlobalSection(ProjectConfigurationPlatforms) = postSolution
		{17CDDFF1-2BBE-47AC-9201-FD4D7AC3EC1A}.Debug|Any CPU.ActiveCfg = Debug|Any CPU
		{17CDDFF1-2BBE-47AC-9201-FD4D7AC3EC1A}.Debug|Any CPU.Build.0 = Debug|Any CPU
		{17CDDFF1-2BBE-47AC-9201-FD4D7AC3EC1A}.Release|Any CPU.ActiveCfg = Release|Any CPU
		{17CDDFF1-2BBE-47AC-9201-FD4D7AC3EC1A}.Release|Any CPU.Build.0 = Release|Any CPU
	EndGlobalSection
	GlobalSection(SolutionProperties) = preSolution
		HideSolutionNode = FALSE
	EndGlobalSection
	GlobalSection(ExtensibilityGlobals) = postSolution
		SolutionGuid = {D0C6E0FD-7312-4A38-8703-3F159710506C}
	EndGlobalSection
EndGlobal
